// !$*UTF8*$!
{
	archiveVersion = 1;
	classes = {
	};
	objectVersion = 50;
	objects = {

/* Begin PBXBuildFile section */
		733832B925CB9F6E00139142 /* GraveyardTileSet.sks in Resources */ = {isa = PBXBuildFile; fileRef = 733832B725CB9F6E00139142 /* GraveyardTileSet.sks */; };
		7348E45C25807B85000BE321 /* AppDelegate.swift in Sources */ = {isa = PBXBuildFile; fileRef = 7348E45B25807B85000BE321 /* AppDelegate.swift */; };
		7348E45E25807B85000BE321 /* GameScene.sks in Resources */ = {isa = PBXBuildFile; fileRef = 7348E45D25807B85000BE321 /* GameScene.sks */; };
		7348E46025807B85000BE321 /* Actions.sks in Resources */ = {isa = PBXBuildFile; fileRef = 7348E45F25807B85000BE321 /* Actions.sks */; };
		7348E46225807B85000BE321 /* GameScene.swift in Sources */ = {isa = PBXBuildFile; fileRef = 7348E46125807B85000BE321 /* GameScene.swift */; };
		7348E46425807B85000BE321 /* GameViewController.swift in Sources */ = {isa = PBXBuildFile; fileRef = 7348E46325807B85000BE321 /* GameViewController.swift */; };
		7348E46725807B85000BE321 /* Main.storyboard in Resources */ = {isa = PBXBuildFile; fileRef = 7348E46525807B85000BE321 /* Main.storyboard */; };
		7348E46925807B86000BE321 /* Assets.xcassets in Resources */ = {isa = PBXBuildFile; fileRef = 7348E46825807B86000BE321 /* Assets.xcassets */; };
		7348E47425807B86000BE321 /* HalloweenHideoutTests.swift in Sources */ = {isa = PBXBuildFile; fileRef = 7348E47325807B86000BE321 /* HalloweenHideoutTests.swift */; };
		7348E47F25807B86000BE321 /* HalloweenHideoutUITests.swift in Sources */ = {isa = PBXBuildFile; fileRef = 7348E47E25807B86000BE321 /* HalloweenHideoutUITests.swift */; };
		73BC5D2D25AE561F00398E92 /* Character.swift in Sources */ = {isa = PBXBuildFile; fileRef = 73BC5D2C25AE561F00398E92 /* Character.swift */; };
		73BC5D3225AE57C300398E92 /* Player.swift in Sources */ = {isa = PBXBuildFile; fileRef = 73BC5D3125AE57C300398E92 /* Player.swift */; };
		73BC5D3B25AE584B00398E92 /* Enemy.swift in Sources */ = {isa = PBXBuildFile; fileRef = 73BC5D3A25AE584B00398E92 /* Enemy.swift */; };
		73BC5D4425AE59A900398E92 /* MainMenu.swift in Sources */ = {isa = PBXBuildFile; fileRef = 73BC5D4325AE59A900398E92 /* MainMenu.swift */; };
		73BE838125B792CA009D9810 /* CandyNode.swift in Sources */ = {isa = PBXBuildFile; fileRef = 73BE838025B792CA009D9810 /* CandyNode.swift */; };
		73BE838625B793EF009D9810 /* MainMenuController.swift in Sources */ = {isa = PBXBuildFile; fileRef = 73BE838525B793EF009D9810 /* MainMenuController.swift */; };
		73BE838B25B7943E009D9810 /* MainMenu.storyboard in Resources */ = {isa = PBXBuildFile; fileRef = 73BE838A25B7943E009D9810 /* MainMenu.storyboard */; };
		73CC08EE25CDEDCB00D5F074 /* Enemy.xcassets in Resources */ = {isa = PBXBuildFile; fileRef = 73CC08ED25CDEDCB00D5F074 /* Enemy.xcassets */; };
		73D6AFC925CB3F5A00E719D4 /* PlayerController.swift in Sources */ = {isa = PBXBuildFile; fileRef = 73D6AFC825CB3F5A00E719D4 /* PlayerController.swift */; };
		73D6AFCE25CB4D5500E719D4 /* PlayerNode.swift in Sources */ = {isa = PBXBuildFile; fileRef = 73D6AFCD25CB4D5500E719D4 /* PlayerNode.swift */; };
		73D6AFD325CB4E6400E719D4 /* ControlInputSourceDelagate.swift in Sources */ = {isa = PBXBuildFile; fileRef = 73D6AFD225CB4E6400E719D4 /* ControlInputSourceDelagate.swift */; };
		73D6AFD925CB547E00E719D4 /* IdleState.swift in Sources */ = {isa = PBXBuildFile; fileRef = 73D6AFD825CB547E00E719D4 /* IdleState.swift */; };
		73D6AFDF25CB5FA500E719D4 /* PhysicsDetection.swift in Sources */ = {isa = PBXBuildFile; fileRef = 73D6AFDE25CB5FA500E719D4 /* PhysicsDetection.swift */; };
		73D6AFE425CB8E3400E719D4 /* PlayerOneActions.sks in Resources */ = {isa = PBXBuildFile; fileRef = 73D6AFE325CB8E3400E719D4 /* PlayerOneActions.sks */; };
		73D6AFEA25CB901700E719D4 /* PreviewScene.sks in Resources */ = {isa = PBXBuildFile; fileRef = 73D6AFE925CB901700E719D4 /* PreviewScene.sks */; };
		73D6AFF525CB95C000E719D4 /* AnimationController.swift in Sources */ = {isa = PBXBuildFile; fileRef = 73D6AFF425CB95C000E719D4 /* AnimationController.swift */; };
		73E42590258FE8D700606699 /* SpriteKit.framework in Frameworks */ = {isa = PBXBuildFile; fileRef = 73E4258F258FE8D700606699 /* SpriteKit.framework */; };
		73E42592258FE8E600606699 /* GameplayKit.framework in Frameworks */ = {isa = PBXBuildFile; fileRef = 73E42591258FE8E600606699 /* GameplayKit.framework */; };
		73E4259F2590065700606699 /* Launch Screen.storyboard in Resources */ = {isa = PBXBuildFile; fileRef = 73E4259E2590065700606699 /* Launch Screen.storyboard */; };
		73F41E0425C687CA00845EC4 /* TouchController.swift in Sources */ = {isa = PBXBuildFile; fileRef = 73F41E0325C687CA00845EC4 /* TouchController.swift */; };
		73F9112B25CCD14A0034F9AF /* ParallaxController.swift in Sources */ = {isa = PBXBuildFile; fileRef = 73F9112A25CCD14A0034F9AF /* ParallaxController.swift */; };
		73F9113325CD035F0034F9AF /* Hurtbox.swift in Sources */ = {isa = PBXBuildFile; fileRef = 73F9113225CD035F0034F9AF /* Hurtbox.swift */; };
		73F9113825CD03F10034F9AF /* Hitbox.swift in Sources */ = {isa = PBXBuildFile; fileRef = 73F9113725CD03F10034F9AF /* Hitbox.swift */; };
		73F9113D25CDC6430034F9AF /* AttackState.swift in Sources */ = {isa = PBXBuildFile; fileRef = 73F9113C25CDC6430034F9AF /* AttackState.swift */; };
		73F9114225CDCC420034F9AF /* DamageState.swift in Sources */ = {isa = PBXBuildFile; fileRef = 73F9114125CDCC420034F9AF /* DamageState.swift */; };
		73F9114725CDD8790034F9AF /* AttackController.swift in Sources */ = {isa = PBXBuildFile; fileRef = 73F9114625CDD8790034F9AF /* AttackController.swift */; };
		73F9114C25CDD8F60034F9AF /* EnemyController.swift in Sources */ = {isa = PBXBuildFile; fileRef = 73F9114B25CDD8F60034F9AF /* EnemyController.swift */; };
/* End PBXBuildFile section */

/* Begin PBXContainerItemProxy section */
		7348E47025807B86000BE321 /* PBXContainerItemProxy */ = {
			isa = PBXContainerItemProxy;
			containerPortal = 7348E45025807B85000BE321 /* Project object */;
			proxyType = 1;
			remoteGlobalIDString = 7348E45725807B85000BE321;
			remoteInfo = HalloweenHideout;
		};
		7348E47B25807B86000BE321 /* PBXContainerItemProxy */ = {
			isa = PBXContainerItemProxy;
			containerPortal = 7348E45025807B85000BE321 /* Project object */;
			proxyType = 1;
			remoteGlobalIDString = 7348E45725807B85000BE321;
			remoteInfo = HalloweenHideout;
		};
/* End PBXContainerItemProxy section */

/* Begin PBXFileReference section */
		733832B725CB9F6E00139142 /* GraveyardTileSet.sks */ = {isa = PBXFileReference; lastKnownFileType = file.sks; path = GraveyardTileSet.sks; sourceTree = "<group>"; };
		7348E45825807B85000BE321 /* HalloweenHideout.app */ = {isa = PBXFileReference; explicitFileType = wrapper.application; includeInIndex = 0; path = HalloweenHideout.app; sourceTree = BUILT_PRODUCTS_DIR; };
		7348E45B25807B85000BE321 /* AppDelegate.swift */ = {isa = PBXFileReference; lastKnownFileType = sourcecode.swift; path = AppDelegate.swift; sourceTree = "<group>"; };
		7348E45D25807B85000BE321 /* GameScene.sks */ = {isa = PBXFileReference; lastKnownFileType = file.sks; path = GameScene.sks; sourceTree = "<group>"; };
		7348E45F25807B85000BE321 /* Actions.sks */ = {isa = PBXFileReference; lastKnownFileType = file.sks; path = Actions.sks; sourceTree = "<group>"; };
		7348E46125807B85000BE321 /* GameScene.swift */ = {isa = PBXFileReference; lastKnownFileType = sourcecode.swift; path = GameScene.swift; sourceTree = "<group>"; };
		7348E46325807B85000BE321 /* GameViewController.swift */ = {isa = PBXFileReference; lastKnownFileType = sourcecode.swift; path = GameViewController.swift; sourceTree = "<group>"; };
		7348E46625807B85000BE321 /* Base */ = {isa = PBXFileReference; lastKnownFileType = file.storyboard; name = Base; path = Base.lproj/Main.storyboard; sourceTree = "<group>"; };
		7348E46825807B86000BE321 /* Assets.xcassets */ = {isa = PBXFileReference; lastKnownFileType = folder.assetcatalog; path = Assets.xcassets; sourceTree = "<group>"; };
		7348E46A25807B86000BE321 /* Info.plist */ = {isa = PBXFileReference; lastKnownFileType = text.plist.xml; path = Info.plist; sourceTree = "<group>"; };
		7348E46F25807B86000BE321 /* HalloweenHideoutTests.xctest */ = {isa = PBXFileReference; explicitFileType = wrapper.cfbundle; includeInIndex = 0; path = HalloweenHideoutTests.xctest; sourceTree = BUILT_PRODUCTS_DIR; };
		7348E47325807B86000BE321 /* HalloweenHideoutTests.swift */ = {isa = PBXFileReference; lastKnownFileType = sourcecode.swift; path = HalloweenHideoutTests.swift; sourceTree = "<group>"; };
		7348E47525807B86000BE321 /* Info.plist */ = {isa = PBXFileReference; lastKnownFileType = text.plist.xml; path = Info.plist; sourceTree = "<group>"; };
		7348E47A25807B86000BE321 /* HalloweenHideoutUITests.xctest */ = {isa = PBXFileReference; explicitFileType = wrapper.cfbundle; includeInIndex = 0; path = HalloweenHideoutUITests.xctest; sourceTree = BUILT_PRODUCTS_DIR; };
		7348E47E25807B86000BE321 /* HalloweenHideoutUITests.swift */ = {isa = PBXFileReference; lastKnownFileType = sourcecode.swift; path = HalloweenHideoutUITests.swift; sourceTree = "<group>"; };
		7348E48025807B86000BE321 /* Info.plist */ = {isa = PBXFileReference; lastKnownFileType = text.plist.xml; path = Info.plist; sourceTree = "<group>"; };
		73BC5D2C25AE561F00398E92 /* Character.swift */ = {isa = PBXFileReference; lastKnownFileType = sourcecode.swift; path = Character.swift; sourceTree = "<group>"; };
		73BC5D3125AE57C300398E92 /* Player.swift */ = {isa = PBXFileReference; lastKnownFileType = sourcecode.swift; path = Player.swift; sourceTree = "<group>"; };
		73BC5D3A25AE584B00398E92 /* Enemy.swift */ = {isa = PBXFileReference; lastKnownFileType = sourcecode.swift; path = Enemy.swift; sourceTree = "<group>"; };
		73BC5D4325AE59A900398E92 /* MainMenu.swift */ = {isa = PBXFileReference; lastKnownFileType = sourcecode.swift; path = MainMenu.swift; sourceTree = "<group>"; };
		73BE838025B792CA009D9810 /* CandyNode.swift */ = {isa = PBXFileReference; lastKnownFileType = sourcecode.swift; path = CandyNode.swift; sourceTree = "<group>"; };
		73BE838525B793EF009D9810 /* MainMenuController.swift */ = {isa = PBXFileReference; lastKnownFileType = sourcecode.swift; path = MainMenuController.swift; sourceTree = "<group>"; };
		73BE838A25B7943E009D9810 /* MainMenu.storyboard */ = {isa = PBXFileReference; lastKnownFileType = file.storyboard; path = MainMenu.storyboard; sourceTree = "<group>"; };
		73CC08ED25CDEDCB00D5F074 /* Enemy.xcassets */ = {isa = PBXFileReference; lastKnownFileType = folder.assetcatalog; path = Enemy.xcassets; sourceTree = "<group>"; };
		73D6AFC825CB3F5A00E719D4 /* PlayerController.swift */ = {isa = PBXFileReference; lastKnownFileType = sourcecode.swift; path = PlayerController.swift; sourceTree = "<group>"; };
		73D6AFCD25CB4D5500E719D4 /* PlayerNode.swift */ = {isa = PBXFileReference; lastKnownFileType = sourcecode.swift; path = PlayerNode.swift; sourceTree = "<group>"; };
		73D6AFD225CB4E6400E719D4 /* ControlInputSourceDelagate.swift */ = {isa = PBXFileReference; lastKnownFileType = sourcecode.swift; path = ControlInputSourceDelagate.swift; sourceTree = "<group>"; };
		73D6AFD825CB547E00E719D4 /* IdleState.swift */ = {isa = PBXFileReference; lastKnownFileType = sourcecode.swift; path = IdleState.swift; sourceTree = "<group>"; };
		73D6AFDE25CB5FA500E719D4 /* PhysicsDetection.swift */ = {isa = PBXFileReference; lastKnownFileType = sourcecode.swift; path = PhysicsDetection.swift; sourceTree = "<group>"; };
		73D6AFE325CB8E3400E719D4 /* PlayerOneActions.sks */ = {isa = PBXFileReference; lastKnownFileType = file.sks; path = PlayerOneActions.sks; sourceTree = "<group>"; };
		73D6AFE925CB901700E719D4 /* PreviewScene.sks */ = {isa = PBXFileReference; lastKnownFileType = file.sks; path = PreviewScene.sks; sourceTree = "<group>"; };
		73D6AFF425CB95C000E719D4 /* AnimationController.swift */ = {isa = PBXFileReference; lastKnownFileType = sourcecode.swift; path = AnimationController.swift; sourceTree = "<group>"; };
		73E4258F258FE8D700606699 /* SpriteKit.framework */ = {isa = PBXFileReference; lastKnownFileType = wrapper.framework; name = SpriteKit.framework; path = System/Library/Frameworks/SpriteKit.framework; sourceTree = SDKROOT; };
		73E42591258FE8E600606699 /* GameplayKit.framework */ = {isa = PBXFileReference; lastKnownFileType = wrapper.framework; name = GameplayKit.framework; path = System/Library/Frameworks/GameplayKit.framework; sourceTree = SDKROOT; };
		73E4259E2590065700606699 /* Launch Screen.storyboard */ = {isa = PBXFileReference; lastKnownFileType = file.storyboard; path = "Launch Screen.storyboard"; sourceTree = "<group>"; };
		73F41E0325C687CA00845EC4 /* TouchController.swift */ = {isa = PBXFileReference; lastKnownFileType = sourcecode.swift; path = TouchController.swift; sourceTree = "<group>"; };
		73F9112A25CCD14A0034F9AF /* ParallaxController.swift */ = {isa = PBXFileReference; lastKnownFileType = sourcecode.swift; path = ParallaxController.swift; sourceTree = "<group>"; };
		73F9113225CD035F0034F9AF /* Hurtbox.swift */ = {isa = PBXFileReference; lastKnownFileType = sourcecode.swift; path = Hurtbox.swift; sourceTree = "<group>"; };
		73F9113725CD03F10034F9AF /* Hitbox.swift */ = {isa = PBXFileReference; lastKnownFileType = sourcecode.swift; path = Hitbox.swift; sourceTree = "<group>"; };
		73F9113C25CDC6430034F9AF /* AttackState.swift */ = {isa = PBXFileReference; lastKnownFileType = sourcecode.swift; path = AttackState.swift; sourceTree = "<group>"; };
		73F9114125CDCC420034F9AF /* DamageState.swift */ = {isa = PBXFileReference; lastKnownFileType = sourcecode.swift; path = DamageState.swift; sourceTree = "<group>"; };
		73F9114625CDD8790034F9AF /* AttackController.swift */ = {isa = PBXFileReference; lastKnownFileType = sourcecode.swift; path = AttackController.swift; sourceTree = "<group>"; };
		73F9114B25CDD8F60034F9AF /* EnemyController.swift */ = {isa = PBXFileReference; lastKnownFileType = sourcecode.swift; path = EnemyController.swift; sourceTree = "<group>"; };
/* End PBXFileReference section */

/* Begin PBXFrameworksBuildPhase section */
		7348E45525807B85000BE321 /* Frameworks */ = {
			isa = PBXFrameworksBuildPhase;
			buildActionMask = 2147483647;
			files = (
				73E42590258FE8D700606699 /* SpriteKit.framework in Frameworks */,
				73E42592258FE8E600606699 /* GameplayKit.framework in Frameworks */,
			);
			runOnlyForDeploymentPostprocessing = 0;
		};
		7348E46C25807B86000BE321 /* Frameworks */ = {
			isa = PBXFrameworksBuildPhase;
			buildActionMask = 2147483647;
			files = (
			);
			runOnlyForDeploymentPostprocessing = 0;
		};
		7348E47725807B86000BE321 /* Frameworks */ = {
			isa = PBXFrameworksBuildPhase;
			buildActionMask = 2147483647;
			files = (
			);
			runOnlyForDeploymentPostprocessing = 0;
		};
/* End PBXFrameworksBuildPhase section */

/* Begin PBXGroup section */
		7348E44F25807B85000BE321 = {
			isa = PBXGroup;
			children = (
				7348E45A25807B85000BE321 /* HalloweenHideout */,
				7348E47225807B86000BE321 /* HalloweenHideoutTests */,
				7348E47D25807B86000BE321 /* HalloweenHideoutUITests */,
				7348E45925807B85000BE321 /* Products */,
				73E4258E258FE8D600606699 /* Frameworks */,
			);
			sourceTree = "<group>";
		};
		7348E45925807B85000BE321 /* Products */ = {
			isa = PBXGroup;
			children = (
				7348E45825807B85000BE321 /* HalloweenHideout.app */,
				7348E46F25807B86000BE321 /* HalloweenHideoutTests.xctest */,
				7348E47A25807B86000BE321 /* HalloweenHideoutUITests.xctest */,
			);
			name = Products;
			sourceTree = "<group>";
		};
		7348E45A25807B85000BE321 /* HalloweenHideout */ = {
			isa = PBXGroup;
			children = (
				73D6AFE825CB8E4600E719D4 /* Actions */,
				7348E46825807B86000BE321 /* Assets.xcassets */,
				7348E45B25807B85000BE321 /* AppDelegate.swift */,
				7348E45D25807B85000BE321 /* GameScene.sks */,
				73E42597258FEB7C00606699 /* Controllers */,
				73D6AFD725CB542900E719D4 /* State */,
				73BC5D3F25AE598F00398E92 /* Scenes */,
				73E42593258FE93900606699 /* Resources */,
				73BC5D3625AE583400398E92 /* Models */,
				73CC08ED25CDEDCB00D5F074 /* Enemy.xcassets */,
			);
			path = HalloweenHideout;
			sourceTree = "<group>";
		};
		7348E47225807B86000BE321 /* HalloweenHideoutTests */ = {
			isa = PBXGroup;
			children = (
				7348E47325807B86000BE321 /* HalloweenHideoutTests.swift */,
				7348E47525807B86000BE321 /* Info.plist */,
			);
			path = HalloweenHideoutTests;
			sourceTree = "<group>";
		};
		7348E47D25807B86000BE321 /* HalloweenHideoutUITests */ = {
			isa = PBXGroup;
			children = (
				7348E47E25807B86000BE321 /* HalloweenHideoutUITests.swift */,
				7348E48025807B86000BE321 /* Info.plist */,
			);
			path = HalloweenHideoutUITests;
			sourceTree = "<group>";
		};
		73BC5D3625AE583400398E92 /* Models */ = {
			isa = PBXGroup;
			children = (
				73BC5D2C25AE561F00398E92 /* Character.swift */,
				73BC5D3125AE57C300398E92 /* Player.swift */,
				73BC5D3A25AE584B00398E92 /* Enemy.swift */,
				73BE838025B792CA009D9810 /* CandyNode.swift */,
				73D6AFCD25CB4D5500E719D4 /* PlayerNode.swift */,
			);
			path = Models;
			sourceTree = "<group>";
		};
		73BC5D3F25AE598F00398E92 /* Scenes */ = {
			isa = PBXGroup;
			children = (
				7348E46125807B85000BE321 /* GameScene.swift */,
				73BC5D4325AE59A900398E92 /* MainMenu.swift */,
			);
			path = Scenes;
			sourceTree = "<group>";
		};
		73D6AFD725CB542900E719D4 /* State */ = {
			isa = PBXGroup;
			children = (
				73D6AFD825CB547E00E719D4 /* IdleState.swift */,
				73F9113C25CDC6430034F9AF /* AttackState.swift */,
				73F9114125CDCC420034F9AF /* DamageState.swift */,
			);
			path = State;
			sourceTree = "<group>";
		};
		73D6AFE825CB8E4600E719D4 /* Actions */ = {
			isa = PBXGroup;
			children = (
				73D6AFE325CB8E3400E719D4 /* PlayerOneActions.sks */,
				73D6AFE925CB901700E719D4 /* PreviewScene.sks */,
				7348E45F25807B85000BE321 /* Actions.sks */,
			);
			path = Actions;
			sourceTree = "<group>";
		};
		73E4258E258FE8D600606699 /* Frameworks */ = {
			isa = PBXGroup;
			children = (
				73E42591258FE8E600606699 /* GameplayKit.framework */,
				73E4258F258FE8D700606699 /* SpriteKit.framework */,
			);
			name = Frameworks;
			sourceTree = "<group>";
		};
		73E42593258FE93900606699 /* Resources */ = {
			isa = PBXGroup;
			children = (
				73E4259E2590065700606699 /* Launch Screen.storyboard */,
				7348E46A25807B86000BE321 /* Info.plist */,
				7348E46525807B85000BE321 /* Main.storyboard */,
				73BE838A25B7943E009D9810 /* MainMenu.storyboard */,
				73D6AFD225CB4E6400E719D4 /* ControlInputSourceDelagate.swift */,
				73D6AFDE25CB5FA500E719D4 /* PhysicsDetection.swift */,
				733832B725CB9F6E00139142 /* GraveyardTileSet.sks */,
				73F9113225CD035F0034F9AF /* Hurtbox.swift */,
				73F9113725CD03F10034F9AF /* Hitbox.swift */,
			);
			path = Resources;
			sourceTree = "<group>";
		};
		73E42597258FEB7C00606699 /* Controllers */ = {
			isa = PBXGroup;
			children = (
				7348E46325807B85000BE321 /* GameViewController.swift */,
				73BE838525B793EF009D9810 /* MainMenuController.swift */,
				73F41E0325C687CA00845EC4 /* TouchController.swift */,
				73D6AFC825CB3F5A00E719D4 /* PlayerController.swift */,
				73D6AFF425CB95C000E719D4 /* AnimationController.swift */,
				73F9112A25CCD14A0034F9AF /* ParallaxController.swift */,
				73F9114625CDD8790034F9AF /* AttackController.swift */,
				73F9114B25CDD8F60034F9AF /* EnemyController.swift */,
			);
			path = Controllers;
			sourceTree = "<group>";
		};
/* End PBXGroup section */

/* Begin PBXNativeTarget section */
		7348E45725807B85000BE321 /* HalloweenHideout */ = {
			isa = PBXNativeTarget;
			buildConfigurationList = 7348E48325807B86000BE321 /* Build configuration list for PBXNativeTarget "HalloweenHideout" */;
			buildPhases = (
				7348E45425807B85000BE321 /* Sources */,
				7348E45525807B85000BE321 /* Frameworks */,
				7348E45625807B85000BE321 /* Resources */,
			);
			buildRules = (
			);
			dependencies = (
			);
			name = HalloweenHideout;
			productName = HalloweenHideout;
			productReference = 7348E45825807B85000BE321 /* HalloweenHideout.app */;
			productType = "com.apple.product-type.application";
		};
		7348E46E25807B86000BE321 /* HalloweenHideoutTests */ = {
			isa = PBXNativeTarget;
			buildConfigurationList = 7348E48625807B86000BE321 /* Build configuration list for PBXNativeTarget "HalloweenHideoutTests" */;
			buildPhases = (
				7348E46B25807B86000BE321 /* Sources */,
				7348E46C25807B86000BE321 /* Frameworks */,
				7348E46D25807B86000BE321 /* Resources */,
			);
			buildRules = (
			);
			dependencies = (
				7348E47125807B86000BE321 /* PBXTargetDependency */,
			);
			name = HalloweenHideoutTests;
			productName = HalloweenHideoutTests;
			productReference = 7348E46F25807B86000BE321 /* HalloweenHideoutTests.xctest */;
			productType = "com.apple.product-type.bundle.unit-test";
		};
		7348E47925807B86000BE321 /* HalloweenHideoutUITests */ = {
			isa = PBXNativeTarget;
			buildConfigurationList = 7348E48925807B86000BE321 /* Build configuration list for PBXNativeTarget "HalloweenHideoutUITests" */;
			buildPhases = (
				7348E47625807B86000BE321 /* Sources */,
				7348E47725807B86000BE321 /* Frameworks */,
				7348E47825807B86000BE321 /* Resources */,
			);
			buildRules = (
			);
			dependencies = (
				7348E47C25807B86000BE321 /* PBXTargetDependency */,
			);
			name = HalloweenHideoutUITests;
			productName = HalloweenHideoutUITests;
			productReference = 7348E47A25807B86000BE321 /* HalloweenHideoutUITests.xctest */;
			productType = "com.apple.product-type.bundle.ui-testing";
		};
/* End PBXNativeTarget section */

/* Begin PBXProject section */
		7348E45025807B85000BE321 /* Project object */ = {
			isa = PBXProject;
			attributes = {
				LastSwiftUpdateCheck = 1220;
				LastUpgradeCheck = 1220;
				TargetAttributes = {
					7348E45725807B85000BE321 = {
						CreatedOnToolsVersion = 12.2;
					};
					7348E46E25807B86000BE321 = {
						CreatedOnToolsVersion = 12.2;
						TestTargetID = 7348E45725807B85000BE321;
					};
					7348E47925807B86000BE321 = {
						CreatedOnToolsVersion = 12.2;
						TestTargetID = 7348E45725807B85000BE321;
					};
				};
			};
			buildConfigurationList = 7348E45325807B85000BE321 /* Build configuration list for PBXProject "HalloweenHideout" */;
			compatibilityVersion = "Xcode 9.3";
			developmentRegion = en;
			hasScannedForEncodings = 0;
			knownRegions = (
				en,
				Base,
			);
			mainGroup = 7348E44F25807B85000BE321;
			productRefGroup = 7348E45925807B85000BE321 /* Products */;
			projectDirPath = "";
			projectRoot = "";
			targets = (
				7348E45725807B85000BE321 /* HalloweenHideout */,
				7348E46E25807B86000BE321 /* HalloweenHideoutTests */,
				7348E47925807B86000BE321 /* HalloweenHideoutUITests */,
			);
		};
/* End PBXProject section */

/* Begin PBXResourcesBuildPhase section */
		7348E45625807B85000BE321 /* Resources */ = {
			isa = PBXResourcesBuildPhase;
			buildActionMask = 2147483647;
			files = (
				7348E46725807B85000BE321 /* Main.storyboard in Resources */,
				73D6AFE425CB8E3400E719D4 /* PlayerOneActions.sks in Resources */,
				73D6AFEA25CB901700E719D4 /* PreviewScene.sks in Resources */,
				7348E45E25807B85000BE321 /* GameScene.sks in Resources */,
				73CC08EE25CDEDCB00D5F074 /* Enemy.xcassets in Resources */,
				73BE838B25B7943E009D9810 /* MainMenu.storyboard in Resources */,
				7348E46925807B86000BE321 /* Assets.xcassets in Resources */,
				733832B925CB9F6E00139142 /* GraveyardTileSet.sks in Resources */,
				73E4259F2590065700606699 /* Launch Screen.storyboard in Resources */,
				7348E46025807B85000BE321 /* Actions.sks in Resources */,
			);
			runOnlyForDeploymentPostprocessing = 0;
		};
		7348E46D25807B86000BE321 /* Resources */ = {
			isa = PBXResourcesBuildPhase;
			buildActionMask = 2147483647;
			files = (
			);
			runOnlyForDeploymentPostprocessing = 0;
		};
		7348E47825807B86000BE321 /* Resources */ = {
			isa = PBXResourcesBuildPhase;
			buildActionMask = 2147483647;
			files = (
			);
			runOnlyForDeploymentPostprocessing = 0;
		};
/* End PBXResourcesBuildPhase section */

/* Begin PBXSourcesBuildPhase section */
		7348E45425807B85000BE321 /* Sources */ = {
			isa = PBXSourcesBuildPhase;
			buildActionMask = 2147483647;
			files = (
				7348E46225807B85000BE321 /* GameScene.swift in Sources */,
				73F41E0425C687CA00845EC4 /* TouchController.swift in Sources */,
				73F9114225CDCC420034F9AF /* DamageState.swift in Sources */,
				73D6AFCE25CB4D5500E719D4 /* PlayerNode.swift in Sources */,
				7348E46425807B85000BE321 /* GameViewController.swift in Sources */,
				73BC5D4425AE59A900398E92 /* MainMenu.swift in Sources */,
				73D6AFDF25CB5FA500E719D4 /* PhysicsDetection.swift in Sources */,
				73F9112B25CCD14A0034F9AF /* ParallaxController.swift in Sources */,
				73BC5D3B25AE584B00398E92 /* Enemy.swift in Sources */,
				7348E45C25807B85000BE321 /* AppDelegate.swift in Sources */,
				73D6AFF525CB95C000E719D4 /* AnimationController.swift in Sources */,
				73F9113325CD035F0034F9AF /* Hurtbox.swift in Sources */,
				73F9114C25CDD8F60034F9AF /* EnemyController.swift in Sources */,
				73BE838125B792CA009D9810 /* CandyNode.swift in Sources */,
				73BC5D3225AE57C300398E92 /* Player.swift in Sources */,
				73F9113D25CDC6430034F9AF /* AttackState.swift in Sources */,
				73BC5D2D25AE561F00398E92 /* Character.swift in Sources */,
				73D6AFC925CB3F5A00E719D4 /* PlayerController.swift in Sources */,
				73D6AFD925CB547E00E719D4 /* IdleState.swift in Sources */,
				73F9113825CD03F10034F9AF /* Hitbox.swift in Sources */,
				73F9114725CDD8790034F9AF /* AttackController.swift in Sources */,
				73D6AFD325CB4E6400E719D4 /* ControlInputSourceDelagate.swift in Sources */,
				73BE838625B793EF009D9810 /* MainMenuController.swift in Sources */,
			);
			runOnlyForDeploymentPostprocessing = 0;
		};
		7348E46B25807B86000BE321 /* Sources */ = {
			isa = PBXSourcesBuildPhase;
			buildActionMask = 2147483647;
			files = (
				7348E47425807B86000BE321 /* HalloweenHideoutTests.swift in Sources */,
			);
			runOnlyForDeploymentPostprocessing = 0;
		};
		7348E47625807B86000BE321 /* Sources */ = {
			isa = PBXSourcesBuildPhase;
			buildActionMask = 2147483647;
			files = (
				7348E47F25807B86000BE321 /* HalloweenHideoutUITests.swift in Sources */,
			);
			runOnlyForDeploymentPostprocessing = 0;
		};
/* End PBXSourcesBuildPhase section */

/* Begin PBXTargetDependency section */
		7348E47125807B86000BE321 /* PBXTargetDependency */ = {
			isa = PBXTargetDependency;
			target = 7348E45725807B85000BE321 /* HalloweenHideout */;
			targetProxy = 7348E47025807B86000BE321 /* PBXContainerItemProxy */;
		};
		7348E47C25807B86000BE321 /* PBXTargetDependency */ = {
			isa = PBXTargetDependency;
			target = 7348E45725807B85000BE321 /* HalloweenHideout */;
			targetProxy = 7348E47B25807B86000BE321 /* PBXContainerItemProxy */;
		};
/* End PBXTargetDependency section */

/* Begin PBXVariantGroup section */
		7348E46525807B85000BE321 /* Main.storyboard */ = {
			isa = PBXVariantGroup;
			children = (
				7348E46625807B85000BE321 /* Base */,
			);
			name = Main.storyboard;
			sourceTree = "<group>";
		};
/* End PBXVariantGroup section */

/* Begin XCBuildConfiguration section */
		7348E48125807B86000BE321 /* Debug */ = {
			isa = XCBuildConfiguration;
			buildSettings = {
				ALWAYS_SEARCH_USER_PATHS = NO;
				CLANG_ANALYZER_NONNULL = YES;
				CLANG_ANALYZER_NUMBER_OBJECT_CONVERSION = YES_AGGRESSIVE;
				CLANG_CXX_LANGUAGE_STANDARD = "gnu++14";
				CLANG_CXX_LIBRARY = "libc++";
				CLANG_ENABLE_MODULES = YES;
				CLANG_ENABLE_OBJC_ARC = YES;
				CLANG_ENABLE_OBJC_WEAK = YES;
				CLANG_WARN_BLOCK_CAPTURE_AUTORELEASING = YES;
				CLANG_WARN_BOOL_CONVERSION = YES;
				CLANG_WARN_COMMA = YES;
				CLANG_WARN_CONSTANT_CONVERSION = YES;
				CLANG_WARN_DEPRECATED_OBJC_IMPLEMENTATIONS = YES;
				CLANG_WARN_DIRECT_OBJC_ISA_USAGE = YES_ERROR;
				CLANG_WARN_DOCUMENTATION_COMMENTS = YES;
				CLANG_WARN_EMPTY_BODY = YES;
				CLANG_WARN_ENUM_CONVERSION = YES;
				CLANG_WARN_INFINITE_RECURSION = YES;
				CLANG_WARN_INT_CONVERSION = YES;
				CLANG_WARN_NON_LITERAL_NULL_CONVERSION = YES;
				CLANG_WARN_OBJC_IMPLICIT_RETAIN_SELF = YES;
				CLANG_WARN_OBJC_LITERAL_CONVERSION = YES;
				CLANG_WARN_OBJC_ROOT_CLASS = YES_ERROR;
				CLANG_WARN_QUOTED_INCLUDE_IN_FRAMEWORK_HEADER = YES;
				CLANG_WARN_RANGE_LOOP_ANALYSIS = YES;
				CLANG_WARN_STRICT_PROTOTYPES = YES;
				CLANG_WARN_SUSPICIOUS_MOVE = YES;
				CLANG_WARN_UNGUARDED_AVAILABILITY = YES_AGGRESSIVE;
				CLANG_WARN_UNREACHABLE_CODE = YES;
				CLANG_WARN__DUPLICATE_METHOD_MATCH = YES;
				COPY_PHASE_STRIP = NO;
				DEBUG_INFORMATION_FORMAT = dwarf;
				ENABLE_STRICT_OBJC_MSGSEND = YES;
				ENABLE_TESTABILITY = YES;
				GCC_C_LANGUAGE_STANDARD = gnu11;
				GCC_DYNAMIC_NO_PIC = NO;
				GCC_NO_COMMON_BLOCKS = YES;
				GCC_OPTIMIZATION_LEVEL = 0;
				GCC_PREPROCESSOR_DEFINITIONS = (
					"DEBUG=1",
					"$(inherited)",
				);
				GCC_WARN_64_TO_32_BIT_CONVERSION = YES;
				GCC_WARN_ABOUT_RETURN_TYPE = YES_ERROR;
				GCC_WARN_UNDECLARED_SELECTOR = YES;
				GCC_WARN_UNINITIALIZED_AUTOS = YES_AGGRESSIVE;
				GCC_WARN_UNUSED_FUNCTION = YES;
				GCC_WARN_UNUSED_VARIABLE = YES;
				IPHONEOS_DEPLOYMENT_TARGET = 14.2;
				MTL_ENABLE_DEBUG_INFO = INCLUDE_SOURCE;
				MTL_FAST_MATH = YES;
				ONLY_ACTIVE_ARCH = YES;
				SDKROOT = iphoneos;
				SWIFT_ACTIVE_COMPILATION_CONDITIONS = DEBUG;
				SWIFT_OPTIMIZATION_LEVEL = "-Onone";
			};
			name = Debug;
		};
		7348E48225807B86000BE321 /* Release */ = {
			isa = XCBuildConfiguration;
			buildSettings = {
				ALWAYS_SEARCH_USER_PATHS = NO;
				CLANG_ANALYZER_NONNULL = YES;
				CLANG_ANALYZER_NUMBER_OBJECT_CONVERSION = YES_AGGRESSIVE;
				CLANG_CXX_LANGUAGE_STANDARD = "gnu++14";
				CLANG_CXX_LIBRARY = "libc++";
				CLANG_ENABLE_MODULES = YES;
				CLANG_ENABLE_OBJC_ARC = YES;
				CLANG_ENABLE_OBJC_WEAK = YES;
				CLANG_WARN_BLOCK_CAPTURE_AUTORELEASING = YES;
				CLANG_WARN_BOOL_CONVERSION = YES;
				CLANG_WARN_COMMA = YES;
				CLANG_WARN_CONSTANT_CONVERSION = YES;
				CLANG_WARN_DEPRECATED_OBJC_IMPLEMENTATIONS = YES;
				CLANG_WARN_DIRECT_OBJC_ISA_USAGE = YES_ERROR;
				CLANG_WARN_DOCUMENTATION_COMMENTS = YES;
				CLANG_WARN_EMPTY_BODY = YES;
				CLANG_WARN_ENUM_CONVERSION = YES;
				CLANG_WARN_INFINITE_RECURSION = YES;
				CLANG_WARN_INT_CONVERSION = YES;
				CLANG_WARN_NON_LITERAL_NULL_CONVERSION = YES;
				CLANG_WARN_OBJC_IMPLICIT_RETAIN_SELF = YES;
				CLANG_WARN_OBJC_LITERAL_CONVERSION = YES;
				CLANG_WARN_OBJC_ROOT_CLASS = YES_ERROR;
				CLANG_WARN_QUOTED_INCLUDE_IN_FRAMEWORK_HEADER = YES;
				CLANG_WARN_RANGE_LOOP_ANALYSIS = YES;
				CLANG_WARN_STRICT_PROTOTYPES = YES;
				CLANG_WARN_SUSPICIOUS_MOVE = YES;
				CLANG_WARN_UNGUARDED_AVAILABILITY = YES_AGGRESSIVE;
				CLANG_WARN_UNREACHABLE_CODE = YES;
				CLANG_WARN__DUPLICATE_METHOD_MATCH = YES;
				COPY_PHASE_STRIP = NO;
				DEBUG_INFORMATION_FORMAT = "dwarf-with-dsym";
				ENABLE_NS_ASSERTIONS = NO;
				ENABLE_STRICT_OBJC_MSGSEND = YES;
				GCC_C_LANGUAGE_STANDARD = gnu11;
				GCC_NO_COMMON_BLOCKS = YES;
				GCC_WARN_64_TO_32_BIT_CONVERSION = YES;
				GCC_WARN_ABOUT_RETURN_TYPE = YES_ERROR;
				GCC_WARN_UNDECLARED_SELECTOR = YES;
				GCC_WARN_UNINITIALIZED_AUTOS = YES_AGGRESSIVE;
				GCC_WARN_UNUSED_FUNCTION = YES;
				GCC_WARN_UNUSED_VARIABLE = YES;
				IPHONEOS_DEPLOYMENT_TARGET = 14.2;
				MTL_ENABLE_DEBUG_INFO = NO;
				MTL_FAST_MATH = YES;
				SDKROOT = iphoneos;
				SWIFT_COMPILATION_MODE = wholemodule;
				SWIFT_OPTIMIZATION_LEVEL = "-O";
				VALIDATE_PRODUCT = YES;
			};
			name = Release;
		};
		7348E48425807B86000BE321 /* Debug */ = {
			isa = XCBuildConfiguration;
			buildSettings = {
				ASSETCATALOG_COMPILER_APPICON_NAME = AppIcon;
				ASSETCATALOG_COMPILER_GLOBAL_ACCENT_COLOR_NAME = AccentColor;
				CODE_SIGN_STYLE = Automatic;
				DEVELOPMENT_TEAM = 8YK6MQH577;
				INFOPLIST_FILE = HalloweenHideout/Resources/Info.plist;
				LD_RUNPATH_SEARCH_PATHS = (
					"$(inherited)",
					"@executable_path/Frameworks",
				);
				PRODUCT_BUNDLE_IDENTIFIER = com.tay.HalloweenHideout;
				PRODUCT_NAME = "$(TARGET_NAME)";
				SWIFT_VERSION = 5.0;
				TARGETED_DEVICE_FAMILY = 1;
			};
			name = Debug;
		};
		7348E48525807B86000BE321 /* Release */ = {
			isa = XCBuildConfiguration;
			buildSettings = {
				ASSETCATALOG_COMPILER_APPICON_NAME = AppIcon;
				ASSETCATALOG_COMPILER_GLOBAL_ACCENT_COLOR_NAME = AccentColor;
				CODE_SIGN_STYLE = Automatic;
				DEVELOPMENT_TEAM = 8YK6MQH577;
				INFOPLIST_FILE = HalloweenHideout/Resources/Info.plist;
				LD_RUNPATH_SEARCH_PATHS = (
					"$(inherited)",
					"@executable_path/Frameworks",
				);
				PRODUCT_BUNDLE_IDENTIFIER = com.tay.HalloweenHideout;
				PRODUCT_NAME = "$(TARGET_NAME)";
				SWIFT_VERSION = 5.0;
				TARGETED_DEVICE_FAMILY = 1;
			};
			name = Release;
		};
		7348E48725807B86000BE321 /* Debug */ = {
			isa = XCBuildConfiguration;
			buildSettings = {
				ALWAYS_EMBED_SWIFT_STANDARD_LIBRARIES = YES;
				BUNDLE_LOADER = "$(TEST_HOST)";
				CODE_SIGN_STYLE = Automatic;
				DEVELOPMENT_TEAM = 8YK6MQH577;
				INFOPLIST_FILE = HalloweenHideoutTests/Info.plist;
				IPHONEOS_DEPLOYMENT_TARGET = 14.2;
				LD_RUNPATH_SEARCH_PATHS = (
					"$(inherited)",
					"@executable_path/Frameworks",
					"@loader_path/Frameworks",
				);
				PRODUCT_BUNDLE_IDENTIFIER = com.tay.HalloweenHideoutTests;
				PRODUCT_NAME = "$(TARGET_NAME)";
				SWIFT_VERSION = 5.0;
				TARGETED_DEVICE_FAMILY = "1,2";
				TEST_HOST = "$(BUILT_PRODUCTS_DIR)/HalloweenHideout.app/HalloweenHideout";
			};
			name = Debug;
		};
		7348E48825807B86000BE321 /* Release */ = {
			isa = XCBuildConfiguration;
			buildSettings = {
				ALWAYS_EMBED_SWIFT_STANDARD_LIBRARIES = YES;
				BUNDLE_LOADER = "$(TEST_HOST)";
				CODE_SIGN_STYLE = Automatic;
				DEVELOPMENT_TEAM = 8YK6MQH577;
				INFOPLIST_FILE = HalloweenHideoutTests/Info.plist;
				IPHONEOS_DEPLOYMENT_TARGET = 14.2;
				LD_RUNPATH_SEARCH_PATHS = (
					"$(inherited)",
					"@executable_path/Frameworks",
					"@loader_path/Frameworks",
				);
				PRODUCT_BUNDLE_IDENTIFIER = com.tay.HalloweenHideoutTests;
				PRODUCT_NAME = "$(TARGET_NAME)";
				SWIFT_VERSION = 5.0;
				TARGETED_DEVICE_FAMILY = "1,2";
				TEST_HOST = "$(BUILT_PRODUCTS_DIR)/HalloweenHideout.app/HalloweenHideout";
			};
			name = Release;
		};
		7348E48A25807B86000BE321 /* Debug */ = {
			isa = XCBuildConfiguration;
			buildSettings = {
				ALWAYS_EMBED_SWIFT_STANDARD_LIBRARIES = YES;
				CODE_SIGN_STYLE = Automatic;
				DEVELOPMENT_TEAM = 8YK6MQH577;
				INFOPLIST_FILE = HalloweenHideoutUITests/Info.plist;
				LD_RUNPATH_SEARCH_PATHS = (
					"$(inherited)",
					"@executable_path/Frameworks",
					"@loader_path/Frameworks",
				);
				PRODUCT_BUNDLE_IDENTIFIER = com.tay.HalloweenHideoutUITests;
				PRODUCT_NAME = "$(TARGET_NAME)";
				SWIFT_VERSION = 5.0;
				TARGETED_DEVICE_FAMILY = "1,2";
				TEST_TARGET_NAME = HalloweenHideout;
			};
			name = Debug;
		};
		7348E48B25807B86000BE321 /* Release */ = {
			isa = XCBuildConfiguration;
			buildSettings = {
				ALWAYS_EMBED_SWIFT_STANDARD_LIBRARIES = YES;
				CODE_SIGN_STYLE = Automatic;
				DEVELOPMENT_TEAM = 8YK6MQH577;
				INFOPLIST_FILE = HalloweenHideoutUITests/Info.plist;
				LD_RUNPATH_SEARCH_PATHS = (
					"$(inherited)",
					"@executable_path/Frameworks",
					"@loader_path/Frameworks",
				);
				PRODUCT_BUNDLE_IDENTIFIER = com.tay.HalloweenHideoutUITests;
				PRODUCT_NAME = "$(TARGET_NAME)";
				SWIFT_VERSION = 5.0;
				TARGETED_DEVICE_FAMILY = "1,2";
				TEST_TARGET_NAME = HalloweenHideout;
			};
			name = Release;
		};
/* End XCBuildConfiguration section */

/* Begin XCConfigurationList section */
		7348E45325807B85000BE321 /* Build configuration list for PBXProject "HalloweenHideout" */ = {
			isa = XCConfigurationList;
			buildConfigurations = (
				7348E48125807B86000BE321 /* Debug */,
				7348E48225807B86000BE321 /* Release */,
			);
			defaultConfigurationIsVisible = 0;
			defaultConfigurationName = Release;
		};
		7348E48325807B86000BE321 /* Build configuration list for PBXNativeTarget "HalloweenHideout" */ = {
			isa = XCConfigurationList;
			buildConfigurations = (
				7348E48425807B86000BE321 /* Debug */,
				7348E48525807B86000BE321 /* Release */,
			);
			defaultConfigurationIsVisible = 0;
			defaultConfigurationName = Release;
		};
		7348E48625807B86000BE321 /* Build configuration list for PBXNativeTarget "HalloweenHideoutTests" */ = {
			isa = XCConfigurationList;
			buildConfigurations = (
				7348E48725807B86000BE321 /* Debug */,
				7348E48825807B86000BE321 /* Release */,
			);
			defaultConfigurationIsVisible = 0;
			defaultConfigurationName = Release;
		};
		7348E48925807B86000BE321 /* Build configuration list for PBXNativeTarget "HalloweenHideoutUITests" */ = {
			isa = XCConfigurationList;
			buildConfigurations = (
				7348E48A25807B86000BE321 /* Debug */,
				7348E48B25807B86000BE321 /* Release */,
			);
			defaultConfigurationIsVisible = 0;
			defaultConfigurationName = Release;
		};
/* End XCConfigurationList section */
	};
	rootObject = 7348E45025807B85000BE321 /* Project object */;
}
